
Microsoft Visual Studio Solution File, Format Version 12.00
# Visual Studio Version 16
VisualStudioVersion = 16.0.31410.357
MinimumVisualStudioVersion = 10.0.40219.1
Project("{9A19103F-16F7-4668-BE54-9A1E7A4F7556}") = "CSVUploaderAPI", "CSVUploaderAPI\CSVUploaderAPI.csproj", "{29AC63CD-5D69-4CFE-8EA6-0A1384D2D15B}"
EndProject
Project("{9A19103F-16F7-4668-BE54-9A1E7A4F7556}") = "CsvUploader.Utils", "CsvUploader.Utils\CsvUploader.Utils.csproj", "{934C1F7E-E4F1-4F34-B171-A97171754AB7}"
EndProject
Project("{FAE04EC0-301F-11D3-BF4B-00C04F79EFBC}") = "CSVUploaderApi.Test", "CSVUploaderApi.Test\CSVUploaderApi.Test.csproj", "{4B533E62-4B6A-49EF-A3B7-71E38BFEF07F}"
EndProject
Global
	GlobalSection(SolutionConfigurationPlatforms) = preSolution
		Debug|Any CPU = Debug|Any CPU
		Release|Any CPU = Release|Any CPU
	EndGlobalSection
	GlobalSection(ProjectConfigurationPlatforms) = postSolution
		{29AC63CD-5D69-4CFE-8EA6-0A1384D2D15B}.Debug|Any CPU.ActiveCfg = Debug|Any CPU
		{29AC63CD-5D69-4CFE-8EA6-0A1384D2D15B}.Debug|Any CPU.Build.0 = Debug|Any CPU
		{29AC63CD-5D69-4CFE-8EA6-0A1384D2D15B}.Release|Any CPU.ActiveCfg = Release|Any CPU
		{29AC63CD-5D69-4CFE-8EA6-0A1384D2D15B}.Release|Any CPU.Build.0 = Release|Any CPU
		{934C1F7E-E4F1-4F34-B171-A97171754AB7}.Debug|Any CPU.ActiveCfg = Debug|Any CPU
		{934C1F7E-E4F1-4F34-B171-A97171754AB7}.Debug|Any CPU.Build.0 = Debug|Any CPU
		{934C1F7E-E4F1-4F34-B171-A97171754AB7}.Release|Any CPU.ActiveCfg = Release|Any CPU
		{934C1F7E-E4F1-4F34-B171-A97171754AB7}.Release|Any CPU.Build.0 = Release|Any CPU
		{4B533E62-4B6A-49EF-A3B7-71E38BFEF07F}.Debug|Any CPU.ActiveCfg = Debug|Any CPU
		{4B533E62-4B6A-49EF-A3B7-71E38BFEF07F}.Debug|Any CPU.Build.0 = Debug|Any CPU
		{4B533E62-4B6A-49EF-A3B7-71E38BFEF07F}.Release|Any CPU.ActiveCfg = Release|Any CPU
		{4B533E62-4B6A-49EF-A3B7-71E38BFEF07F}.Release|Any CPU.Build.0 = Release|Any CPU
	EndGlobalSection
	GlobalSection(SolutionProperties) = preSolution
		HideSolutionNode = FALSE
	EndGlobalSection
	GlobalSection(ExtensibilityGlobals) = postSolution
		SolutionGuid = {A3829689-D9B8-4844-B3DA-C317E9740A28}
	EndGlobalSection
EndGlobal
